# Generated by pub
# See http://pub.dartlang.org/doc/glossary.html#lockfile
packages:
  analyzer:
    description: analyzer
    source: hosted
    version: "0.10.5"
  args:
    description: args
    source: hosted
    version: "0.9.0"
  browser:
    description: browser
    source: hosted
    version: "0.9.0"
  collection_helpers:
    description: collection_helpers
    source: hosted
    version: "0.9.1"
  intl:
    description: intl
    source: hosted
    version: "0.9.1"
  logging:
    description: logging
    source: hosted
    version: "0.9.1"
  path:
    description: path
    source: hosted
    version: "1.0.0"
  unmodifiable_collection:
    description: unmodifiable_collection
    source: hosted
    version: "0.9.1"
